<Solution>
  <Configurations>
    <Platform Name="Any CPU" />
    <Platform Name="x64" />
    <Platform Name="x86" />
  </Configurations>
  <Project Path="CLI/YSMParser.CLI.csproj" />
  <Project Path="Core/YSMParser.Core.csproj" />
  <Project Path="Export/YSMParser.Export.csproj" />
  <Project Path="Tests/YSMParser.Tests.csproj" />
</Solution>
